
Microsoft Visual Studio Solution File, Format Version 12.00
# Visual Studio 15
Project("{FAE04EC0-301F-11D3-BF4B-00C04F79EFBC}") = "practice", "practice\practice.csproj", "{C81BF58A-9FC1-4111-9D13-160BE6D19986}"
EndProject
Global
	GlobalSection(SolutionConfigurationPlatforms) = preSolution
		Debug|Any CPU = Debug|Any CPU
		Release|Any CPU = Release|Any CPU
	EndGlobalSection
	GlobalSection(ProjectConfigurationPlatforms) = postSolution
		{C81BF58A-9FC1-4111-9D13-160BE6D19986}.Debug|Any CPU.ActiveCfg = Debug|Any CPU
		{C81BF58A-9FC1-4111-9D13-160BE6D19986}.Debug|Any CPU.Build.0 = Debug|Any CPU
		{C81BF58A-9FC1-4111-9D13-160BE6D19986}.Release|Any CPU.ActiveCfg = Release|Any CPU
		{C81BF58A-9FC1-4111-9D13-160BE6D19986}.Release|Any CPU.Build.0 = Release|Any CPU
	EndGlobalSection
EndGlobal
